<<<<<<< HEAD
﻿
Microsoft Visual Studio Solution File, Format Version 12.00
# Visual Studio Version 17
VisualStudioVersion = 17.9.34616.47
MinimumVisualStudioVersion = 10.0.40219.1
Project("{9A19103F-16F7-4668-BE54-9A1E7A4F7556}") = "OnTheWayPrj", "OnTheWay\OnTheWayPrj.csproj", "{6B9E5DE0-0925-4D4A-B5B6-347B7C313DCF}"
	ProjectSection(ProjectDependencies) = postProject
		{EFBD9483-6B11-4CC1-A24B-32D1B7CB9A65} = {EFBD9483-6B11-4CC1-A24B-32D1B7CB9A65}
	EndProjectSection
EndProject
Project("{9A19103F-16F7-4668-BE54-9A1E7A4F7556}") = "Application.Domain", "ApplicationDomain\Application.Domain.csproj", "{9899DD9E-8572-4EE1-84F8-33AAE4105846}"
EndProject
Project("{9A19103F-16F7-4668-BE54-9A1E7A4F7556}") = "Application.Infrastructure", "Application.Infrastructure\Application.Infrastructure.csproj", "{5B980C9F-0697-4649-B575-287EE06EEA8F}"
EndProject
Project("{9A19103F-16F7-4668-BE54-9A1E7A4F7556}") = "Application.Application", "Application.Application\Application.Application.csproj", "{41974DC9-2A91-4881-8294-C36378592047}"
EndProject
Project("{9A19103F-16F7-4668-BE54-9A1E7A4F7556}") = "OnTheWayWebApiProject", "OnTheWayWebApiProject\OnTheWayWebApiProject.csproj", "{EFBD9483-6B11-4CC1-A24B-32D1B7CB9A65}"
EndProject
Global
	GlobalSection(SolutionConfigurationPlatforms) = preSolution
		Debug|Any CPU = Debug|Any CPU
		Release|Any CPU = Release|Any CPU
	EndGlobalSection
	GlobalSection(ProjectConfigurationPlatforms) = postSolution
		{6B9E5DE0-0925-4D4A-B5B6-347B7C313DCF}.Debug|Any CPU.ActiveCfg = Debug|Any CPU
		{6B9E5DE0-0925-4D4A-B5B6-347B7C313DCF}.Debug|Any CPU.Build.0 = Debug|Any CPU
		{6B9E5DE0-0925-4D4A-B5B6-347B7C313DCF}.Release|Any CPU.ActiveCfg = Release|Any CPU
		{6B9E5DE0-0925-4D4A-B5B6-347B7C313DCF}.Release|Any CPU.Build.0 = Release|Any CPU
		{9899DD9E-8572-4EE1-84F8-33AAE4105846}.Debug|Any CPU.ActiveCfg = Debug|Any CPU
		{9899DD9E-8572-4EE1-84F8-33AAE4105846}.Debug|Any CPU.Build.0 = Debug|Any CPU
		{9899DD9E-8572-4EE1-84F8-33AAE4105846}.Release|Any CPU.ActiveCfg = Release|Any CPU
		{9899DD9E-8572-4EE1-84F8-33AAE4105846}.Release|Any CPU.Build.0 = Release|Any CPU
		{5B980C9F-0697-4649-B575-287EE06EEA8F}.Debug|Any CPU.ActiveCfg = Debug|Any CPU
		{5B980C9F-0697-4649-B575-287EE06EEA8F}.Debug|Any CPU.Build.0 = Debug|Any CPU
		{5B980C9F-0697-4649-B575-287EE06EEA8F}.Release|Any CPU.ActiveCfg = Release|Any CPU
		{5B980C9F-0697-4649-B575-287EE06EEA8F}.Release|Any CPU.Build.0 = Release|Any CPU
		{41974DC9-2A91-4881-8294-C36378592047}.Debug|Any CPU.ActiveCfg = Debug|Any CPU
		{41974DC9-2A91-4881-8294-C36378592047}.Debug|Any CPU.Build.0 = Debug|Any CPU
		{41974DC9-2A91-4881-8294-C36378592047}.Release|Any CPU.ActiveCfg = Release|Any CPU
		{41974DC9-2A91-4881-8294-C36378592047}.Release|Any CPU.Build.0 = Release|Any CPU
		{EFBD9483-6B11-4CC1-A24B-32D1B7CB9A65}.Debug|Any CPU.ActiveCfg = Debug|Any CPU
		{EFBD9483-6B11-4CC1-A24B-32D1B7CB9A65}.Debug|Any CPU.Build.0 = Debug|Any CPU
		{EFBD9483-6B11-4CC1-A24B-32D1B7CB9A65}.Release|Any CPU.ActiveCfg = Release|Any CPU
		{EFBD9483-6B11-4CC1-A24B-32D1B7CB9A65}.Release|Any CPU.Build.0 = Release|Any CPU
	EndGlobalSection
	GlobalSection(SolutionProperties) = preSolution
		HideSolutionNode = FALSE
	EndGlobalSection
	GlobalSection(ExtensibilityGlobals) = postSolution
		SolutionGuid = {AEFF26A7-6EF8-467A-B786-ABB92642EBC4}
	EndGlobalSection
EndGlobal
=======
﻿
Microsoft Visual Studio Solution File, Format Version 12.00
# Visual Studio Version 17
VisualStudioVersion = 17.9.34616.47
MinimumVisualStudioVersion = 10.0.40219.1
Project("{9A19103F-16F7-4668-BE54-9A1E7A4F7556}") = "OnTheWayPrj", "OnTheWay\OnTheWayPrj.csproj", "{6B9E5DE0-0925-4D4A-B5B6-347B7C313DCF}"
	ProjectSection(ProjectDependencies) = postProject
		{EFBD9483-6B11-4CC1-A24B-32D1B7CB9A65} = {EFBD9483-6B11-4CC1-A24B-32D1B7CB9A65}
	EndProjectSection
EndProject
Project("{9A19103F-16F7-4668-BE54-9A1E7A4F7556}") = "Application.Domain", "ApplicationDomain\Application.Domain.csproj", "{9899DD9E-8572-4EE1-84F8-33AAE4105846}"
EndProject
Project("{9A19103F-16F7-4668-BE54-9A1E7A4F7556}") = "Application.Infrastructure", "Application.Infrastructure\Application.Infrastructure.csproj", "{5B980C9F-0697-4649-B575-287EE06EEA8F}"
EndProject
Project("{9A19103F-16F7-4668-BE54-9A1E7A4F7556}") = "Application.Application", "Application.Application\Application.Application.csproj", "{41974DC9-2A91-4881-8294-C36378592047}"
EndProject
Project("{9A19103F-16F7-4668-BE54-9A1E7A4F7556}") = "OnTheWayWebApiProject", "OnTheWayWebApiProject\OnTheWayWebApiProject.csproj", "{EFBD9483-6B11-4CC1-A24B-32D1B7CB9A65}"
EndProject
Global
	GlobalSection(SolutionConfigurationPlatforms) = preSolution
		Debug|Any CPU = Debug|Any CPU
		Release|Any CPU = Release|Any CPU
	EndGlobalSection
	GlobalSection(ProjectConfigurationPlatforms) = postSolution
		{6B9E5DE0-0925-4D4A-B5B6-347B7C313DCF}.Debug|Any CPU.ActiveCfg = Debug|Any CPU
		{6B9E5DE0-0925-4D4A-B5B6-347B7C313DCF}.Debug|Any CPU.Build.0 = Debug|Any CPU
		{6B9E5DE0-0925-4D4A-B5B6-347B7C313DCF}.Release|Any CPU.ActiveCfg = Release|Any CPU
		{6B9E5DE0-0925-4D4A-B5B6-347B7C313DCF}.Release|Any CPU.Build.0 = Release|Any CPU
		{9899DD9E-8572-4EE1-84F8-33AAE4105846}.Debug|Any CPU.ActiveCfg = Debug|Any CPU
		{9899DD9E-8572-4EE1-84F8-33AAE4105846}.Debug|Any CPU.Build.0 = Debug|Any CPU
		{9899DD9E-8572-4EE1-84F8-33AAE4105846}.Release|Any CPU.ActiveCfg = Release|Any CPU
		{9899DD9E-8572-4EE1-84F8-33AAE4105846}.Release|Any CPU.Build.0 = Release|Any CPU
		{5B980C9F-0697-4649-B575-287EE06EEA8F}.Debug|Any CPU.ActiveCfg = Debug|Any CPU
		{5B980C9F-0697-4649-B575-287EE06EEA8F}.Debug|Any CPU.Build.0 = Debug|Any CPU
		{5B980C9F-0697-4649-B575-287EE06EEA8F}.Release|Any CPU.ActiveCfg = Release|Any CPU
		{5B980C9F-0697-4649-B575-287EE06EEA8F}.Release|Any CPU.Build.0 = Release|Any CPU
		{41974DC9-2A91-4881-8294-C36378592047}.Debug|Any CPU.ActiveCfg = Debug|Any CPU
		{41974DC9-2A91-4881-8294-C36378592047}.Debug|Any CPU.Build.0 = Debug|Any CPU
		{41974DC9-2A91-4881-8294-C36378592047}.Release|Any CPU.ActiveCfg = Release|Any CPU
		{41974DC9-2A91-4881-8294-C36378592047}.Release|Any CPU.Build.0 = Release|Any CPU
		{EFBD9483-6B11-4CC1-A24B-32D1B7CB9A65}.Debug|Any CPU.ActiveCfg = Debug|Any CPU
		{EFBD9483-6B11-4CC1-A24B-32D1B7CB9A65}.Debug|Any CPU.Build.0 = Debug|Any CPU
		{EFBD9483-6B11-4CC1-A24B-32D1B7CB9A65}.Release|Any CPU.ActiveCfg = Release|Any CPU
		{EFBD9483-6B11-4CC1-A24B-32D1B7CB9A65}.Release|Any CPU.Build.0 = Release|Any CPU
	EndGlobalSection
	GlobalSection(SolutionProperties) = preSolution
		HideSolutionNode = FALSE
	EndGlobalSection
	GlobalSection(ExtensibilityGlobals) = postSolution
		SolutionGuid = {AEFF26A7-6EF8-467A-B786-ABB92642EBC4}
	EndGlobalSection
EndGlobal
>>>>>>> f0d1221 (main)
